{
  "name": "vuejs-paper-css",
  "version": "0.0.0",
  "lockfileVersion": 1,
  "requires": true,
  "dependencies": {
    "lodash": {
      "version": "4.17.4",
      "resolved": "https://registry.npmjs.org/lodash/-/lodash-4.17.4.tgz",
      "integrity": "sha1-eCA6TRwyiuHYbcpkYONptX9AVa4="
    },
    "papercss": {
      "version": "1.1.0",
      "resolved": "https://registry.npmjs.org/papercss/-/papercss-1.1.0.tgz",
      "integrity": "sha1-nq14OFA8bD/vmURIv5FQuita9+Q="
    },
    "vue": {
      "version": "2.5.9",
      "resolved": "https://registry.npmjs.org/vue/-/vue-2.5.9.tgz",
      "integrity": "sha512-9B9XBpCtj8y5eJFrspIcKxIWt+lG9FMdF8qgyOlUeOIvcS4xSAvcARygbzHA6Pi0KWFj4BvxjtWbuPVWRx/wuA=="
    }
  }
}
